
Microsoft Visual Studio Solution File, Format Version 12.00
# Visual Studio Version 17
VisualStudioVersion = 17.4.33205.214
MinimumVisualStudioVersion = 10.0.40219.1
Project("{8BC9CEB8-8B4A-11D0-8D11-00A0C91BC942}") = "Milestone 5", "Milestone 5.vcxproj", "{65DCC78C-8885-451D-A2B2-4C81A3A59B30}"
EndProject
Global
	GlobalSection(SolutionConfigurationPlatforms) = preSolution
		Debug|x64 = Debug|x64
		Debug|x86 = Debug|x86
		Release|x64 = Release|x64
		Release|x86 = Release|x86
	EndGlobalSection
	GlobalSection(ProjectConfigurationPlatforms) = postSolution
		{65DCC78C-8885-451D-A2B2-4C81A3A59B30}.Debug|x64.ActiveCfg = Debug|x64
		{65DCC78C-8885-451D-A2B2-4C81A3A59B30}.Debug|x64.Build.0 = Debug|x64
		{65DCC78C-8885-451D-A2B2-4C81A3A59B30}.Debug|x86.ActiveCfg = Debug|Win32
		{65DCC78C-8885-451D-A2B2-4C81A3A59B30}.Debug|x86.Build.0 = Debug|Win32
		{65DCC78C-8885-451D-A2B2-4C81A3A59B30}.Release|x64.ActiveCfg = Release|x64
		{65DCC78C-8885-451D-A2B2-4C81A3A59B30}.Release|x64.Build.0 = Release|x64
		{65DCC78C-8885-451D-A2B2-4C81A3A59B30}.Release|x86.ActiveCfg = Release|Win32
		{65DCC78C-8885-451D-A2B2-4C81A3A59B30}.Release|x86.Build.0 = Release|Win32
	EndGlobalSection
	GlobalSection(SolutionProperties) = preSolution
		HideSolutionNode = FALSE
	EndGlobalSection
	GlobalSection(ExtensibilityGlobals) = postSolution
		SolutionGuid = {8EFFCAC1-F266-4CBE-9D7F-FF42D068B2E7}
	EndGlobalSection
EndGlobal
